
Microsoft Visual Studio Solution File, Format Version 12.00
# Visual Studio Version 17
VisualStudioVersion = 17.10.35013.160
MinimumVisualStudioVersion = 10.0.40219.1
Project("{FAE04EC0-301F-11D3-BF4B-00C04F79EFBC}") = "SunucuBakimKontrol", "SunucuBakimKontrol.csproj", "{9DE47649-7C7A-43C1-B889-88547B1566D2}"
EndProject
Global
	GlobalSection(SolutionConfigurationPlatforms) = preSolution
		Debug|Any CPU = Debug|Any CPU
		Release|Any CPU = Release|Any CPU
	EndGlobalSection
	GlobalSection(ProjectConfigurationPlatforms) = postSolution
		{9DE47649-7C7A-43C1-B889-88547B1566D2}.Debug|Any CPU.ActiveCfg = Debug|Any CPU
		{9DE47649-7C7A-43C1-B889-88547B1566D2}.Debug|Any CPU.Build.0 = Debug|Any CPU
		{9DE47649-7C7A-43C1-B889-88547B1566D2}.Release|Any CPU.ActiveCfg = Release|Any CPU
		{9DE47649-7C7A-43C1-B889-88547B1566D2}.Release|Any CPU.Build.0 = Release|Any CPU
	EndGlobalSection
	GlobalSection(SolutionProperties) = preSolution
		HideSolutionNode = FALSE
	EndGlobalSection
	GlobalSection(ExtensibilityGlobals) = postSolution
		SolutionGuid = {08A29281-5D4F-4D69-9E6F-6F58AD51AB51}
	EndGlobalSection
EndGlobal
